// !$*UTF8*$!
{
	archiveVersion = 1;
	classes = {
	};
	objectVersion = 50;
	objects = {

/* Begin PBXBuildFile section */
		4F59AE4121B7E4FB00E20879 /* main.swift in Sources */ = {isa = PBXBuildFile; fileRef = 4F59AE4021B7E4FB00E20879 /* main.swift */; };
		4F59AE4D21B7E67200E20879 /* Puzzle.swift in Sources */ = {isa = PBXBuildFile; fileRef = 4F59AE4C21B7E67200E20879 /* Puzzle.swift */; };
		4F59AE4F21B7E6E900E20879 /* AOC1.swift in Sources */ = {isa = PBXBuildFile; fileRef = 4F59AE4E21B7E6E900E20879 /* AOC1.swift */; };
		4F59AE6521B7F2E200E20879 /* InputReader.swift in Sources */ = {isa = PBXBuildFile; fileRef = 4F59AE6421B7F2E200E20879 /* InputReader.swift */; };
		4F59AE6821B8003E00E20879 /* AOC2.swift in Sources */ = {isa = PBXBuildFile; fileRef = 4F59AE6721B8003E00E20879 /* AOC2.swift */; };
		4F59AE8121B8B9F800E20879 /* AOC3.swift in Sources */ = {isa = PBXBuildFile; fileRef = 4F59AE8021B8B9F800E20879 /* AOC3.swift */; };
		4F59AE8321B93E6E00E20879 /* Regex.swift in Sources */ = {isa = PBXBuildFile; fileRef = 4F59AE8221B93E6E00E20879 /* Regex.swift */; };
		4F59AE8721B9548E00E20879 /* AOC4.swift in Sources */ = {isa = PBXBuildFile; fileRef = 4F59AE8621B9548E00E20879 /* AOC4.swift */; };
		4F87C22D21B9B84300B21EC9 /* AOC5.swift in Sources */ = {isa = PBXBuildFile; fileRef = 4F87C22C21B9B84300B21EC9 /* AOC5.swift */; };
		4F87C23321BA8B2100B21EC9 /* AOC6.swift in Sources */ = {isa = PBXBuildFile; fileRef = 4F87C23221BA8B2100B21EC9 /* AOC6.swift */; };
		4F87C23521BA8CD000B21EC9 /* Point.swift in Sources */ = {isa = PBXBuildFile; fileRef = 4F87C23421BA8CD000B21EC9 /* Point.swift */; };
		4F87C23721BA8CE800B21EC9 /* ExpandableGrid.swift in Sources */ = {isa = PBXBuildFile; fileRef = 4F87C23621BA8CE800B21EC9 /* ExpandableGrid.swift */; };
		4F87C23F21BA9C7F00B21EC9 /* AOC2018_Tests.swift in Sources */ = {isa = PBXBuildFile; fileRef = 4F87C23E21BA9C7F00B21EC9 /* AOC2018_Tests.swift */; };
		4F87C24421BAA07C00B21EC9 /* Puzzle.swift in Sources */ = {isa = PBXBuildFile; fileRef = 4F59AE4C21B7E67200E20879 /* Puzzle.swift */; };
		4F87C24521BAA07C00B21EC9 /* InputReader.swift in Sources */ = {isa = PBXBuildFile; fileRef = 4F59AE6421B7F2E200E20879 /* InputReader.swift */; };
		4F87C24621BAA07C00B21EC9 /* Regex.swift in Sources */ = {isa = PBXBuildFile; fileRef = 4F59AE8221B93E6E00E20879 /* Regex.swift */; };
		4F87C24721BAA07C00B21EC9 /* Point.swift in Sources */ = {isa = PBXBuildFile; fileRef = 4F87C23421BA8CD000B21EC9 /* Point.swift */; };
		4F87C24821BAA07C00B21EC9 /* ExpandableGrid.swift in Sources */ = {isa = PBXBuildFile; fileRef = 4F87C23621BA8CE800B21EC9 /* ExpandableGrid.swift */; };
		4F87C24921BAA08300B21EC9 /* AOC1.swift in Sources */ = {isa = PBXBuildFile; fileRef = 4F59AE4E21B7E6E900E20879 /* AOC1.swift */; };
		4F87C24A21BAA08300B21EC9 /* AOC2.swift in Sources */ = {isa = PBXBuildFile; fileRef = 4F59AE6721B8003E00E20879 /* AOC2.swift */; };
		4F87C24B21BAA08300B21EC9 /* AOC3.swift in Sources */ = {isa = PBXBuildFile; fileRef = 4F59AE8021B8B9F800E20879 /* AOC3.swift */; };
		4F87C24C21BAA08300B21EC9 /* AOC4.swift in Sources */ = {isa = PBXBuildFile; fileRef = 4F59AE8621B9548E00E20879 /* AOC4.swift */; };
		4F87C24D21BAA08300B21EC9 /* AOC5.swift in Sources */ = {isa = PBXBuildFile; fileRef = 4F87C22C21B9B84300B21EC9 /* AOC5.swift */; };
		4F87C24E21BAA08300B21EC9 /* AOC6.swift in Sources */ = {isa = PBXBuildFile; fileRef = 4F87C23221BA8B2100B21EC9 /* AOC6.swift */; };
		4F87C25421BBE78800B21EC9 /* ExpandableGrid_Tests.swift in Sources */ = {isa = PBXBuildFile; fileRef = 4F87C25321BBE78800B21EC9 /* ExpandableGrid_Tests.swift */; };
		4F87C25621BC245000B21EC9 /* AOC7.swift in Sources */ = {isa = PBXBuildFile; fileRef = 4F87C25521BC245000B21EC9 /* AOC7.swift */; };
		4F87C25921BC2A8000B21EC9 /* AOC7.swift in Sources */ = {isa = PBXBuildFile; fileRef = 4F87C25521BC245000B21EC9 /* AOC7.swift */; };
		4F87C25B21BC3B3700B21EC9 /* AOC8.swift in Sources */ = {isa = PBXBuildFile; fileRef = 4F87C25A21BC3B3700B21EC9 /* AOC8.swift */; };
		4F87C25E21BC418D00B21EC9 /* AOC8.swift in Sources */ = {isa = PBXBuildFile; fileRef = 4F87C25A21BC3B3700B21EC9 /* AOC8.swift */; };
/* End PBXBuildFile section */

/* Begin PBXCopyFilesBuildPhase section */
		4F59AE3B21B7E4FB00E20879 /* CopyFiles */ = {
			isa = PBXCopyFilesBuildPhase;
			buildActionMask = 2147483647;
			dstPath = /usr/share/man/man1/;
			dstSubfolderSpec = 0;
			files = (
			);
			runOnlyForDeploymentPostprocessing = 1;
		};
/* End PBXCopyFilesBuildPhase section */

/* Begin PBXFileReference section */
		4F59AE3D21B7E4FB00E20879 /* AOC2018 */ = {isa = PBXFileReference; explicitFileType = "compiled.mach-o.executable"; includeInIndex = 0; path = AOC2018; sourceTree = BUILT_PRODUCTS_DIR; };
		4F59AE4021B7E4FB00E20879 /* main.swift */ = {isa = PBXFileReference; lastKnownFileType = sourcecode.swift; path = main.swift; sourceTree = "<group>"; };
		4F59AE4921B7E58E00E20879 /* 1.txt */ = {isa = PBXFileReference; lastKnownFileType = text; path = 1.txt; sourceTree = "<group>"; };
		4F59AE4C21B7E67200E20879 /* Puzzle.swift */ = {isa = PBXFileReference; lastKnownFileType = sourcecode.swift; path = Puzzle.swift; sourceTree = "<group>"; };
		4F59AE4E21B7E6E900E20879 /* AOC1.swift */ = {isa = PBXFileReference; lastKnownFileType = sourcecode.swift; path = AOC1.swift; sourceTree = "<group>"; };
		4F59AE6421B7F2E200E20879 /* InputReader.swift */ = {isa = PBXFileReference; lastKnownFileType = sourcecode.swift; path = InputReader.swift; sourceTree = "<group>"; };
		4F59AE6621B8002700E20879 /* 2.txt */ = {isa = PBXFileReference; lastKnownFileType = text; path = 2.txt; sourceTree = "<group>"; };
		4F59AE6721B8003E00E20879 /* AOC2.swift */ = {isa = PBXFileReference; lastKnownFileType = sourcecode.swift; path = AOC2.swift; sourceTree = "<group>"; };
		4F59AE6921B80F1800E20879 /* 2a-example.txt */ = {isa = PBXFileReference; lastKnownFileType = text; path = "2a-example.txt"; sourceTree = "<group>"; };
		4F59AE6A21B81CDF00E20879 /* 3.txt */ = {isa = PBXFileReference; lastKnownFileType = text; path = 3.txt; sourceTree = "<group>"; };
		4F59AE6B21B81D2800E20879 /* 3-example.txt */ = {isa = PBXFileReference; lastKnownFileType = text; path = "3-example.txt"; sourceTree = "<group>"; };
		4F59AE8021B8B9F800E20879 /* AOC3.swift */ = {isa = PBXFileReference; lastKnownFileType = sourcecode.swift; path = AOC3.swift; sourceTree = "<group>"; };
		4F59AE8221B93E6E00E20879 /* Regex.swift */ = {isa = PBXFileReference; lastKnownFileType = sourcecode.swift; path = Regex.swift; sourceTree = "<group>"; };
		4F59AE8421B9530400E20879 /* 4.txt */ = {isa = PBXFileReference; lastKnownFileType = text; path = 4.txt; sourceTree = "<group>"; };
		4F59AE8521B9543C00E20879 /* 4-example.txt */ = {isa = PBXFileReference; lastKnownFileType = text; path = "4-example.txt"; sourceTree = "<group>"; };
		4F59AE8621B9548E00E20879 /* AOC4.swift */ = {isa = PBXFileReference; lastKnownFileType = sourcecode.swift; path = AOC4.swift; sourceTree = "<group>"; };
		4F87C22C21B9B84300B21EC9 /* AOC5.swift */ = {isa = PBXFileReference; lastKnownFileType = sourcecode.swift; path = AOC5.swift; sourceTree = "<group>"; };
		4F87C22E21B9B85600B21EC9 /* 5.txt */ = {isa = PBXFileReference; lastKnownFileType = text; path = 5.txt; sourceTree = "<group>"; };
		4F87C22F21B9B89100B21EC9 /* 5-example.txt */ = {isa = PBXFileReference; lastKnownFileType = text; path = "5-example.txt"; sourceTree = "<group>"; };
		4F87C23021BA8AD100B21EC9 /* 6-example.txt */ = {isa = PBXFileReference; lastKnownFileType = text; path = "6-example.txt"; sourceTree = "<group>"; };
		4F87C23121BA8B0500B21EC9 /* 6.txt */ = {isa = PBXFileReference; lastKnownFileType = text; path = 6.txt; sourceTree = "<group>"; };
		4F87C23221BA8B2100B21EC9 /* AOC6.swift */ = {isa = PBXFileReference; lastKnownFileType = sourcecode.swift; path = AOC6.swift; sourceTree = "<group>"; };
		4F87C23421BA8CD000B21EC9 /* Point.swift */ = {isa = PBXFileReference; lastKnownFileType = sourcecode.swift; path = Point.swift; sourceTree = "<group>"; };
		4F87C23621BA8CE800B21EC9 /* ExpandableGrid.swift */ = {isa = PBXFileReference; lastKnownFileType = sourcecode.swift; path = ExpandableGrid.swift; sourceTree = "<group>"; };
		4F87C23C21BA9C7F00B21EC9 /* AOC2018 Tests.xctest */ = {isa = PBXFileReference; explicitFileType = wrapper.cfbundle; includeInIndex = 0; path = "AOC2018 Tests.xctest"; sourceTree = BUILT_PRODUCTS_DIR; };
		4F87C23E21BA9C7F00B21EC9 /* AOC2018_Tests.swift */ = {isa = PBXFileReference; lastKnownFileType = sourcecode.swift; path = AOC2018_Tests.swift; sourceTree = "<group>"; };
		4F87C24021BA9C7F00B21EC9 /* Info.plist */ = {isa = PBXFileReference; lastKnownFileType = text.plist.xml; path = Info.plist; sourceTree = "<group>"; };
		4F87C24F21BAA0B400B21EC9 /* 1-example.txt */ = {isa = PBXFileReference; lastKnownFileType = text; path = "1-example.txt"; sourceTree = "<group>"; };
		4F87C25021BAADF400B21EC9 /* 2b-example.txt */ = {isa = PBXFileReference; lastKnownFileType = text; path = "2b-example.txt"; sourceTree = "<group>"; };
		4F87C25321BBE78800B21EC9 /* ExpandableGrid_Tests.swift */ = {isa = PBXFileReference; lastKnownFileType = sourcecode.swift; path = ExpandableGrid_Tests.swift; sourceTree = "<group>"; };
		4F87C25521BC245000B21EC9 /* AOC7.swift */ = {isa = PBXFileReference; lastKnownFileType = sourcecode.swift; path = AOC7.swift; sourceTree = "<group>"; };
		4F87C25721BC246300B21EC9 /* 7.txt */ = {isa = PBXFileReference; lastKnownFileType = text; path = 7.txt; sourceTree = "<group>"; };
		4F87C25821BC248700B21EC9 /* 7-example.txt */ = {isa = PBXFileReference; lastKnownFileType = text; path = "7-example.txt"; sourceTree = "<group>"; };
		4F87C25A21BC3B3700B21EC9 /* AOC8.swift */ = {isa = PBXFileReference; lastKnownFileType = sourcecode.swift; path = AOC8.swift; sourceTree = "<group>"; };
		4F87C25C21BC3B4600B21EC9 /* 8.txt */ = {isa = PBXFileReference; lastKnownFileType = text; path = 8.txt; sourceTree = "<group>"; };
		4F87C25D21BC3B6F00B21EC9 /* 8-example.txt */ = {isa = PBXFileReference; lastKnownFileType = text; path = "8-example.txt"; sourceTree = "<group>"; };
/* End PBXFileReference section */

/* Begin PBXFrameworksBuildPhase section */
		4F59AE3A21B7E4FB00E20879 /* Frameworks */ = {
			isa = PBXFrameworksBuildPhase;
			buildActionMask = 2147483647;
			files = (
			);
			runOnlyForDeploymentPostprocessing = 0;
		};
		4F87C23921BA9C7F00B21EC9 /* Frameworks */ = {
			isa = PBXFrameworksBuildPhase;
			buildActionMask = 2147483647;
			files = (
			);
			runOnlyForDeploymentPostprocessing = 0;
		};
/* End PBXFrameworksBuildPhase section */

/* Begin PBXGroup section */
		4F59AE3421B7E4FA00E20879 = {
			isa = PBXGroup;
			children = (
				4F59AE3F21B7E4FB00E20879 /* AOC2018 */,
				4F87C23D21BA9C7F00B21EC9 /* AOC2018 Tests */,
				4F59AE3E21B7E4FB00E20879 /* Products */,
			);
			sourceTree = "<group>";
		};
		4F59AE3E21B7E4FB00E20879 /* Products */ = {
			isa = PBXGroup;
			children = (
				4F59AE3D21B7E4FB00E20879 /* AOC2018 */,
				4F87C23C21BA9C7F00B21EC9 /* AOC2018 Tests.xctest */,
			);
			name = Products;
			sourceTree = "<group>";
		};
		4F59AE3F21B7E4FB00E20879 /* AOC2018 */ = {
			isa = PBXGroup;
			children = (
				4F59AE4B21B7E60F00E20879 /* Common */,
				4F59AE4A21B7E5F000E20879 /* Puzzles */,
				4F59AE4721B7E56100E20879 /* Input */,
				4F59AE4021B7E4FB00E20879 /* main.swift */,
			);
			path = AOC2018;
			sourceTree = "<group>";
		};
		4F59AE4721B7E56100E20879 /* Input */ = {
			isa = PBXGroup;
			children = (
				4F59AE4921B7E58E00E20879 /* 1.txt */,
				4F87C24F21BAA0B400B21EC9 /* 1-example.txt */,
				4F59AE6621B8002700E20879 /* 2.txt */,
				4F59AE6921B80F1800E20879 /* 2a-example.txt */,
				4F87C25021BAADF400B21EC9 /* 2b-example.txt */,
				4F59AE6A21B81CDF00E20879 /* 3.txt */,
				4F59AE6B21B81D2800E20879 /* 3-example.txt */,
				4F59AE8421B9530400E20879 /* 4.txt */,
				4F59AE8521B9543C00E20879 /* 4-example.txt */,
				4F87C22E21B9B85600B21EC9 /* 5.txt */,
				4F87C22F21B9B89100B21EC9 /* 5-example.txt */,
				4F87C23121BA8B0500B21EC9 /* 6.txt */,
				4F87C23021BA8AD100B21EC9 /* 6-example.txt */,
				4F87C25721BC246300B21EC9 /* 7.txt */,
				4F87C25821BC248700B21EC9 /* 7-example.txt */,
				4F87C25C21BC3B4600B21EC9 /* 8.txt */,
				4F87C25D21BC3B6F00B21EC9 /* 8-example.txt */,
			);
			path = Input;
			sourceTree = "<group>";
		};
		4F59AE4A21B7E5F000E20879 /* Puzzles */ = {
			isa = PBXGroup;
			children = (
				4F59AE4E21B7E6E900E20879 /* AOC1.swift */,
				4F59AE6721B8003E00E20879 /* AOC2.swift */,
				4F59AE8021B8B9F800E20879 /* AOC3.swift */,
				4F59AE8621B9548E00E20879 /* AOC4.swift */,
				4F87C22C21B9B84300B21EC9 /* AOC5.swift */,
				4F87C23221BA8B2100B21EC9 /* AOC6.swift */,
				4F87C25521BC245000B21EC9 /* AOC7.swift */,
				4F87C25A21BC3B3700B21EC9 /* AOC8.swift */,
			);
			path = Puzzles;
			sourceTree = "<group>";
		};
		4F59AE4B21B7E60F00E20879 /* Common */ = {
			isa = PBXGroup;
			children = (
				4F59AE4C21B7E67200E20879 /* Puzzle.swift */,
				4F59AE6421B7F2E200E20879 /* InputReader.swift */,
				4F59AE8221B93E6E00E20879 /* Regex.swift */,
				4F87C23421BA8CD000B21EC9 /* Point.swift */,
				4F87C23621BA8CE800B21EC9 /* ExpandableGrid.swift */,
			);
			path = Common;
			sourceTree = "<group>";
		};
		4F87C23D21BA9C7F00B21EC9 /* AOC2018 Tests */ = {
			isa = PBXGroup;
			children = (
				4F87C25321BBE78800B21EC9 /* ExpandableGrid_Tests.swift */,
				4F87C23E21BA9C7F00B21EC9 /* AOC2018_Tests.swift */,
				4F87C24021BA9C7F00B21EC9 /* Info.plist */,
			);
			path = "AOC2018 Tests";
			sourceTree = "<group>";
		};
/* End PBXGroup section */

/* Begin PBXNativeTarget section */
		4F59AE3C21B7E4FB00E20879 /* AOC2018 */ = {
			isa = PBXNativeTarget;
			buildConfigurationList = 4F59AE4421B7E4FB00E20879 /* Build configuration list for PBXNativeTarget "AOC2018" */;
			buildPhases = (
				4F59AE3921B7E4FB00E20879 /* Sources */,
				4F59AE3A21B7E4FB00E20879 /* Frameworks */,
				4F59AE3B21B7E4FB00E20879 /* CopyFiles */,
			);
			buildRules = (
			);
			dependencies = (
			);
			name = AOC2018;
			productName = AOC2018;
			productReference = 4F59AE3D21B7E4FB00E20879 /* AOC2018 */;
			productType = "com.apple.product-type.tool";
		};
		4F87C23B21BA9C7F00B21EC9 /* AOC2018 Tests */ = {
			isa = PBXNativeTarget;
			buildConfigurationList = 4F87C24321BA9C7F00B21EC9 /* Build configuration list for PBXNativeTarget "AOC2018 Tests" */;
			buildPhases = (
				4F87C23821BA9C7F00B21EC9 /* Sources */,
				4F87C23921BA9C7F00B21EC9 /* Frameworks */,
				4F87C23A21BA9C7F00B21EC9 /* Resources */,
			);
			buildRules = (
			);
			dependencies = (
			);
			name = "AOC2018 Tests";
			productName = "AOC2018 Tests";
			productReference = 4F87C23C21BA9C7F00B21EC9 /* AOC2018 Tests.xctest */;
			productType = "com.apple.product-type.bundle.unit-test";
		};
/* End PBXNativeTarget section */

/* Begin PBXProject section */
		4F59AE3521B7E4FA00E20879 /* Project object */ = {
			isa = PBXProject;
			attributes = {
				LastSwiftUpdateCheck = 1010;
				LastUpgradeCheck = 1010;
				ORGANIZATIONNAME = dopiaza.org;
				TargetAttributes = {
					4F59AE3C21B7E4FB00E20879 = {
						CreatedOnToolsVersion = 10.1;
					};
					4F87C23B21BA9C7F00B21EC9 = {
						CreatedOnToolsVersion = 10.1;
					};
				};
			};
			buildConfigurationList = 4F59AE3821B7E4FA00E20879 /* Build configuration list for PBXProject "AOC2018" */;
			compatibilityVersion = "Xcode 9.3";
			developmentRegion = en;
			hasScannedForEncodings = 0;
			knownRegions = (
				en,
			);
			mainGroup = 4F59AE3421B7E4FA00E20879;
			productRefGroup = 4F59AE3E21B7E4FB00E20879 /* Products */;
			projectDirPath = "";
			projectRoot = "";
			targets = (
				4F59AE3C21B7E4FB00E20879 /* AOC2018 */,
				4F87C23B21BA9C7F00B21EC9 /* AOC2018 Tests */,
			);
		};
/* End PBXProject section */

/* Begin PBXResourcesBuildPhase section */
		4F87C23A21BA9C7F00B21EC9 /* Resources */ = {
			isa = PBXResourcesBuildPhase;
			buildActionMask = 2147483647;
			files = (
			);
			runOnlyForDeploymentPostprocessing = 0;
		};
/* End PBXResourcesBuildPhase section */

/* Begin PBXSourcesBuildPhase section */
		4F59AE3921B7E4FB00E20879 /* Sources */ = {
			isa = PBXSourcesBuildPhase;
			buildActionMask = 2147483647;
			files = (
				4F87C23321BA8B2100B21EC9 /* AOC6.swift in Sources */,
				4F87C22D21B9B84300B21EC9 /* AOC5.swift in Sources */,
				4F87C25621BC245000B21EC9 /* AOC7.swift in Sources */,
				4F59AE6821B8003E00E20879 /* AOC2.swift in Sources */,
				4F59AE4F21B7E6E900E20879 /* AOC1.swift in Sources */,
				4F59AE4121B7E4FB00E20879 /* main.swift in Sources */,
				4F87C25B21BC3B3700B21EC9 /* AOC8.swift in Sources */,
				4F87C23721BA8CE800B21EC9 /* ExpandableGrid.swift in Sources */,
				4F59AE8321B93E6E00E20879 /* Regex.swift in Sources */,
				4F59AE8721B9548E00E20879 /* AOC4.swift in Sources */,
				4F87C23521BA8CD000B21EC9 /* Point.swift in Sources */,
				4F59AE8121B8B9F800E20879 /* AOC3.swift in Sources */,
				4F59AE4D21B7E67200E20879 /* Puzzle.swift in Sources */,
				4F59AE6521B7F2E200E20879 /* InputReader.swift in Sources */,
			);
			runOnlyForDeploymentPostprocessing = 0;
		};
		4F87C23821BA9C7F00B21EC9 /* Sources */ = {
			isa = PBXSourcesBuildPhase;
			buildActionMask = 2147483647;
			files = (
				4F87C25E21BC418D00B21EC9 /* AOC8.swift in Sources */,
				4F87C24C21BAA08300B21EC9 /* AOC4.swift in Sources */,
				4F87C24B21BAA08300B21EC9 /* AOC3.swift in Sources */,
				4F87C24521BAA07C00B21EC9 /* InputReader.swift in Sources */,
				4F87C24721BAA07C00B21EC9 /* Point.swift in Sources */,
				4F87C24A21BAA08300B21EC9 /* AOC2.swift in Sources */,
				4F87C24621BAA07C00B21EC9 /* Regex.swift in Sources */,
				4F87C24E21BAA08300B21EC9 /* AOC6.swift in Sources */,
				4F87C23F21BA9C7F00B21EC9 /* AOC2018_Tests.swift in Sources */,
				4F87C25421BBE78800B21EC9 /* ExpandableGrid_Tests.swift in Sources */,
				4F87C25921BC2A8000B21EC9 /* AOC7.swift in Sources */,
				4F87C24421BAA07C00B21EC9 /* Puzzle.swift in Sources */,
				4F87C24821BAA07C00B21EC9 /* ExpandableGrid.swift in Sources */,
				4F87C24921BAA08300B21EC9 /* AOC1.swift in Sources */,
				4F87C24D21BAA08300B21EC9 /* AOC5.swift in Sources */,
			);
			runOnlyForDeploymentPostprocessing = 0;
		};
/* End PBXSourcesBuildPhase section */

/* Begin XCBuildConfiguration section */
		4F59AE4221B7E4FB00E20879 /* Debug */ = {
			isa = XCBuildConfiguration;
			buildSettings = {
				ALWAYS_SEARCH_USER_PATHS = NO;
				CLANG_ANALYZER_NONNULL = YES;
				CLANG_ANALYZER_NUMBER_OBJECT_CONVERSION = YES_AGGRESSIVE;
				CLANG_CXX_LANGUAGE_STANDARD = "gnu++14";
				CLANG_CXX_LIBRARY = "libc++";
				CLANG_ENABLE_MODULES = YES;
				CLANG_ENABLE_OBJC_ARC = YES;
				CLANG_ENABLE_OBJC_WEAK = YES;
				CLANG_WARN_BLOCK_CAPTURE_AUTORELEASING = YES;
				CLANG_WARN_BOOL_CONVERSION = YES;
				CLANG_WARN_COMMA = YES;
				CLANG_WARN_CONSTANT_CONVERSION = YES;
				CLANG_WARN_DEPRECATED_OBJC_IMPLEMENTATIONS = YES;
				CLANG_WARN_DIRECT_OBJC_ISA_USAGE = YES_ERROR;
				CLANG_WARN_DOCUMENTATION_COMMENTS = YES;
				CLANG_WARN_EMPTY_BODY = YES;
				CLANG_WARN_ENUM_CONVERSION = YES;
				CLANG_WARN_INFINITE_RECURSION = YES;
				CLANG_WARN_INT_CONVERSION = YES;
				CLANG_WARN_NON_LITERAL_NULL_CONVERSION = YES;
				CLANG_WARN_OBJC_IMPLICIT_RETAIN_SELF = YES;
				CLANG_WARN_OBJC_LITERAL_CONVERSION = YES;
				CLANG_WARN_OBJC_ROOT_CLASS = YES_ERROR;
				CLANG_WARN_RANGE_LOOP_ANALYSIS = YES;
				CLANG_WARN_STRICT_PROTOTYPES = YES;
				CLANG_WARN_SUSPICIOUS_MOVE = YES;
				CLANG_WARN_UNGUARDED_AVAILABILITY = YES_AGGRESSIVE;
				CLANG_WARN_UNREACHABLE_CODE = YES;
				CLANG_WARN__DUPLICATE_METHOD_MATCH = YES;
				CODE_SIGN_IDENTITY = "Mac Developer";
				COPY_PHASE_STRIP = NO;
				DEBUG_INFORMATION_FORMAT = dwarf;
				ENABLE_STRICT_OBJC_MSGSEND = YES;
				ENABLE_TESTABILITY = YES;
				GCC_C_LANGUAGE_STANDARD = gnu11;
				GCC_DYNAMIC_NO_PIC = NO;
				GCC_NO_COMMON_BLOCKS = YES;
				GCC_OPTIMIZATION_LEVEL = 0;
				GCC_PREPROCESSOR_DEFINITIONS = (
					"DEBUG=1",
					"$(inherited)",
				);
				GCC_WARN_64_TO_32_BIT_CONVERSION = YES;
				GCC_WARN_ABOUT_RETURN_TYPE = YES_ERROR;
				GCC_WARN_UNDECLARED_SELECTOR = YES;
				GCC_WARN_UNINITIALIZED_AUTOS = YES_AGGRESSIVE;
				GCC_WARN_UNUSED_FUNCTION = YES;
				GCC_WARN_UNUSED_VARIABLE = YES;
				MACOSX_DEPLOYMENT_TARGET = 10.13;
				MTL_ENABLE_DEBUG_INFO = INCLUDE_SOURCE;
				MTL_FAST_MATH = YES;
				ONLY_ACTIVE_ARCH = YES;
				SDKROOT = macosx;
				SWIFT_ACTIVE_COMPILATION_CONDITIONS = DEBUG;
				SWIFT_OPTIMIZATION_LEVEL = "-Onone";
			};
			name = Debug;
		};
		4F59AE4321B7E4FB00E20879 /* Release */ = {
			isa = XCBuildConfiguration;
			buildSettings = {
				ALWAYS_SEARCH_USER_PATHS = NO;
				CLANG_ANALYZER_NONNULL = YES;
				CLANG_ANALYZER_NUMBER_OBJECT_CONVERSION = YES_AGGRESSIVE;
				CLANG_CXX_LANGUAGE_STANDARD = "gnu++14";
				CLANG_CXX_LIBRARY = "libc++";
				CLANG_ENABLE_MODULES = YES;
				CLANG_ENABLE_OBJC_ARC = YES;
				CLANG_ENABLE_OBJC_WEAK = YES;
				CLANG_WARN_BLOCK_CAPTURE_AUTORELEASING = YES;
				CLANG_WARN_BOOL_CONVERSION = YES;
				CLANG_WARN_COMMA = YES;
				CLANG_WARN_CONSTANT_CONVERSION = YES;
				CLANG_WARN_DEPRECATED_OBJC_IMPLEMENTATIONS = YES;
				CLANG_WARN_DIRECT_OBJC_ISA_USAGE = YES_ERROR;
				CLANG_WARN_DOCUMENTATION_COMMENTS = YES;
				CLANG_WARN_EMPTY_BODY = YES;
				CLANG_WARN_ENUM_CONVERSION = YES;
				CLANG_WARN_INFINITE_RECURSION = YES;
				CLANG_WARN_INT_CONVERSION = YES;
				CLANG_WARN_NON_LITERAL_NULL_CONVERSION = YES;
				CLANG_WARN_OBJC_IMPLICIT_RETAIN_SELF = YES;
				CLANG_WARN_OBJC_LITERAL_CONVERSION = YES;
				CLANG_WARN_OBJC_ROOT_CLASS = YES_ERROR;
				CLANG_WARN_RANGE_LOOP_ANALYSIS = YES;
				CLANG_WARN_STRICT_PROTOTYPES = YES;
				CLANG_WARN_SUSPICIOUS_MOVE = YES;
				CLANG_WARN_UNGUARDED_AVAILABILITY = YES_AGGRESSIVE;
				CLANG_WARN_UNREACHABLE_CODE = YES;
				CLANG_WARN__DUPLICATE_METHOD_MATCH = YES;
				CODE_SIGN_IDENTITY = "Mac Developer";
				COPY_PHASE_STRIP = NO;
				DEBUG_INFORMATION_FORMAT = "dwarf-with-dsym";
				ENABLE_NS_ASSERTIONS = NO;
				ENABLE_STRICT_OBJC_MSGSEND = YES;
				GCC_C_LANGUAGE_STANDARD = gnu11;
				GCC_NO_COMMON_BLOCKS = YES;
				GCC_WARN_64_TO_32_BIT_CONVERSION = YES;
				GCC_WARN_ABOUT_RETURN_TYPE = YES_ERROR;
				GCC_WARN_UNDECLARED_SELECTOR = YES;
				GCC_WARN_UNINITIALIZED_AUTOS = YES_AGGRESSIVE;
				GCC_WARN_UNUSED_FUNCTION = YES;
				GCC_WARN_UNUSED_VARIABLE = YES;
				MACOSX_DEPLOYMENT_TARGET = 10.13;
				MTL_ENABLE_DEBUG_INFO = NO;
				MTL_FAST_MATH = YES;
				SDKROOT = macosx;
				SWIFT_COMPILATION_MODE = wholemodule;
				SWIFT_OPTIMIZATION_LEVEL = "-O";
			};
			name = Release;
		};
		4F59AE4521B7E4FB00E20879 /* Debug */ = {
			isa = XCBuildConfiguration;
			buildSettings = {
				CODE_SIGN_STYLE = Automatic;
				DEVELOPMENT_TEAM = 7XNZ34C97W;
				INFOPLIST_FILE = "$(SRCROOT)/info.plist";
				PRODUCT_BUNDLE_IDENTIFIER = AOC2018;
				PRODUCT_NAME = "$(TARGET_NAME)";
				SWIFT_VERSION = 4.2;
			};
			name = Debug;
		};
		4F59AE4621B7E4FB00E20879 /* Release */ = {
			isa = XCBuildConfiguration;
			buildSettings = {
				CODE_SIGN_STYLE = Automatic;
				DEVELOPMENT_TEAM = 7XNZ34C97W;
				INFOPLIST_FILE = "$(SRCROOT)/info.plist";
				PRODUCT_BUNDLE_IDENTIFIER = AOC2018;
				PRODUCT_NAME = "$(TARGET_NAME)";
				SWIFT_VERSION = 4.2;
			};
			name = Release;
		};
		4F87C24121BA9C7F00B21EC9 /* Debug */ = {
			isa = XCBuildConfiguration;
			buildSettings = {
				CODE_SIGN_STYLE = Automatic;
				COMBINE_HIDPI_IMAGES = YES;
				DEVELOPMENT_TEAM = 7XNZ34C97W;
				INFOPLIST_FILE = "AOC2018 Tests/Info.plist";
				LD_RUNPATH_SEARCH_PATHS = (
					"$(inherited)",
					"@executable_path/../Frameworks",
					"@loader_path/../Frameworks",
				);
				PRODUCT_BUNDLE_IDENTIFIER = "org.dopiaza.AOC2018-Tests";
				PRODUCT_NAME = "$(TARGET_NAME)";
				SWIFT_VERSION = 4.2;
			};
			name = Debug;
		};
		4F87C24221BA9C7F00B21EC9 /* Release */ = {
			isa = XCBuildConfiguration;
			buildSettings = {
				CODE_SIGN_STYLE = Automatic;
				COMBINE_HIDPI_IMAGES = YES;
				DEVELOPMENT_TEAM = 7XNZ34C97W;
				INFOPLIST_FILE = "AOC2018 Tests/Info.plist";
				LD_RUNPATH_SEARCH_PATHS = (
					"$(inherited)",
					"@executable_path/../Frameworks",
					"@loader_path/../Frameworks",
				);
				PRODUCT_BUNDLE_IDENTIFIER = "org.dopiaza.AOC2018-Tests";
				PRODUCT_NAME = "$(TARGET_NAME)";
				SWIFT_VERSION = 4.2;
			};
			name = Release;
		};
/* End XCBuildConfiguration section */

/* Begin XCConfigurationList section */
		4F59AE3821B7E4FA00E20879 /* Build configuration list for PBXProject "AOC2018" */ = {
			isa = XCConfigurationList;
			buildConfigurations = (
				4F59AE4221B7E4FB00E20879 /* Debug */,
				4F59AE4321B7E4FB00E20879 /* Release */,
			);
			defaultConfigurationIsVisible = 0;
			defaultConfigurationName = Release;
		};
		4F59AE4421B7E4FB00E20879 /* Build configuration list for PBXNativeTarget "AOC2018" */ = {
			isa = XCConfigurationList;
			buildConfigurations = (
				4F59AE4521B7E4FB00E20879 /* Debug */,
				4F59AE4621B7E4FB00E20879 /* Release */,
			);
			defaultConfigurationIsVisible = 0;
			defaultConfigurationName = Release;
		};
		4F87C24321BA9C7F00B21EC9 /* Build configuration list for PBXNativeTarget "AOC2018 Tests" */ = {
			isa = XCConfigurationList;
			buildConfigurations = (
				4F87C24121BA9C7F00B21EC9 /* Debug */,
				4F87C24221BA9C7F00B21EC9 /* Release */,
			);
			defaultConfigurationIsVisible = 0;
			defaultConfigurationName = Release;
		};
/* End XCConfigurationList section */
	};
	rootObject = 4F59AE3521B7E4FA00E20879 /* Project object */;
}
